lockfileVersion: 5.4

specifiers:
  '@tailwindcss/forms': ^0.5.3
  '@types/alpinejs': ^3.7.1
  alpinejs: ^3.10.5
  autoprefixer: ^10.4.13
  postcss: ^8.4.20
  tailwindcss: ^3.2.4
  typescript: ^4.9.4
  vite: ^4.0.1

dependencies:
  alpinejs: 3.10.5

devDependencies:
  '@tailwindcss/forms': 0.5.3_tailwindcss@3.2.4
  '@types/alpinejs': 3.7.1
  autoprefixer: 10.4.13_postcss@8.4.20
  postcss: 8.4.20
  tailwindcss: 3.2.4_postcss@8.4.20
  typescript: 4.9.4
  vite: 4.0.1

packages:

  /@esbuild/android-arm/0.16.8:
    resolution: {integrity: sha512-r/qxYWkC3gY+Uq24wZacAUevGGb6d7d8VpyO8R0HGg31LXVi+eUr8XxHLCcmVzAjRjlZsZfzPelGpAKP/DafKg==}
    engines: {node: '>=12'}
    cpu: [arm]
    os: [android]
    requiresBuild: true
    dev: true
    optional: true

  /@esbuild/android-arm64/0.16.8:
    resolution: {integrity: sha512-TGQM/tdy5EV1KoFHu0+cMrKvPR8UBLGEfwS84PTCJ07KVp21Fr488aFEL2TCamz9CxoF1np36kY6XOSdLncg2Q==}
    engines: {node: '>=12'}
    cpu: [arm64]
    os: [android]
    requiresBuild: true
    dev: true
    optional: true

  /@esbuild/android-x64/0.16.8:
    resolution: {integrity: sha512-HtA4BNfrf5Nyoz3G2IS3qW4A0yckPJ1NjCMA3SiOw3zS1IfpMkbepDGp/Gdokc/tASFd38IP2uIL3W6bHJzAQw==}
    engines: {node: '>=12'}
    cpu: [x64]
    os: [android]
    requiresBuild: true
    dev: true
    optional: true

  /@esbuild/darwin-arm64/0.16.8:
    resolution: {integrity: sha512-Ks8K1HGFf6LEjLnnVqB/zyaJcv7zMjbJ9txRZAwQwj+bzg8/AP0TmLBMJf9Ahwn6ATnHrhORtpydP8A/mNthXg==}
    engines: {node: '>=12'}
    cpu: [arm64]
    os: [darwin]
    requiresBuild: true
    dev: true
    optional: true

  /@esbuild/darwin-x64/0.16.8:
    resolution: {integrity: sha512-XXh2070hatspZdG/uPqyHLFlHlGbytvT4JlqZuTU3AizcyOvmatPBSnuARvwCtJMw30wjjehcYY8DWPZ5UF2og==}
    engines: {node: '>=12'}
    cpu: [x64]
    os: [darwin]
    requiresBuild: true
    dev: true
    optional: true

  /@esbuild/freebsd-arm64/0.16.8:
    resolution: {integrity: sha512-6DJuU3+tG9LcHCG/4K3e0AnqmmKWhUc9WDNIhLHOOdleafXwZeFvsqwfyaowNg9yUw5KipRLvV3JJMQ8kT1aPg==}
    engines: {node: '>=12'}
    cpu: [arm64]
    os: [freebsd]
    requiresBuild: true
    dev: true
    optional: true

  /@esbuild/freebsd-x64/0.16.8:
    resolution: {integrity: sha512-UcsCaR25C0tZWnoImprPzr7vMEMjLImlTQAIfWXU2wvjF4gBWKO9GEH2JlsKYqBjfWfGgH+HHoGSF/evZbKyxA==}
    engines: {node: '>=12'}
    cpu: [x64]
    os: [freebsd]
    requiresBuild: true
    dev: true
    optional: true

  /@esbuild/linux-arm/0.16.8:
    resolution: {integrity: sha512-Hn36NbKd6Prh0Ehv1A2ObjfXtN2g81jTpmq1+uRLHrW7CJW+W8GdVgOCVwyeupADUIOOa8bars6IZGcjkwq21w==}
    engines: {node: '>=12'}
    cpu: [arm]
    os: [linux]
    requiresBuild: true
    dev: true
    optional: true

  /@esbuild/linux-arm64/0.16.8:
    resolution: {integrity: sha512-WTL1v/OhSxgE7rEELRFNWskym0e+hKDMl4JZs7jpQp7218yJPOjdOEWsbzVEYv4G1cbbtWFvp9DtaAONtdCW5w==}
    engines: {node: '>=12'}
    cpu: [arm64]
    os: [linux]
    requiresBuild: true
    dev: true
    optional: true

  /@esbuild/linux-ia32/0.16.8:
    resolution: {integrity: sha512-Jt+8YBFR2Pk68oS7E9z9PtmgJrDonGdEW3Camb2plZcztKpu/OxfnxFu8f41+TYpKhzUDm5uNMwqxRH3yDYrsQ==}
    engines: {node: '>=12'}
    cpu: [ia32]
    os: [linux]
    requiresBuild: true
    dev: true
    optional: true

  /@esbuild/linux-loong64/0.16.8:
    resolution: {integrity: sha512-P+5J/U/WwPEwcKOFTlTQBK6Gqw4OytpfBvR2V+kBRb5jujwMOQ1aG8iKX14DAwCLks1YHXrXPwXXDPNWEWC59A==}
    engines: {node: '>=12'}
    cpu: [loong64]
    os: [linux]
    requiresBuild: true
    dev: true
    optional: true

  /@esbuild/linux-mips64el/0.16.8:
    resolution: {integrity: sha512-RDSnljcka9UkVxcLtWv2lG5zcqkZUxIPY47ZSKytv4aoo8b05dH1gnKVWrxBZ+owp3dX48s2lXm6zp3hZHl8qw==}
    engines: {node: '>=12'}
    cpu: [mips64el]
    os: [linux]
    requiresBuild: true
    dev: true
    optional: true

  /@esbuild/linux-ppc64/0.16.8:
    resolution: {integrity: sha512-fNGvIKXyigXYhSflraBsqR/EBhXhuH0/0r7IpU+3reh+8yX3VjowjC/dwmqHDOSQXbcj+HJb1o9kWYi+fJQ/3g==}
    engines: {node: '>=12'}
    cpu: [ppc64]
    os: [linux]
    requiresBuild: true
    dev: true
    optional: true

  /@esbuild/linux-riscv64/0.16.8:
    resolution: {integrity: sha512-CsE1IKyVq/Y55PDnBUvm/e7XfvBgfb5kZxHbIEdmB9xt6cTcBkaVvv8EwLDZuYPkYI60WGl0UwyYYx9B2LLgkg==}
    engines: {node: '>=12'}
    cpu: [riscv64]
    os: [linux]
    requiresBuild: true
    dev: true
    optional: true

  /@esbuild/linux-s390x/0.16.8:
    resolution: {integrity: sha512-k8RIN4M+GWQAfJ/oGqwxZlpzOyGF8mxp5mH1A1WUJrpSUo4pe0zkq2EoP1KMQbYkjeJi45YsjwK3IOnSoueXbA==}
    engines: {node: '>=12'}
    cpu: [s390x]
    os: [linux]
    requiresBuild: true
    dev: true
    optional: true

  /@esbuild/linux-x64/0.16.8:
    resolution: {integrity: sha512-u0hOo4E9PKyVDmPgJNeip1Tg63wxq+3KBJZKQFblqCl+d5N7n1h7pFwdN5ZzeLaaE645ep8aXzf76ndGnyOypg==}
    engines: {node: '>=12'}
    cpu: [x64]
    os: [linux]
    requiresBuild: true
    dev: true
    optional: true

  /@esbuild/netbsd-x64/0.16.8:
    resolution: {integrity: sha512-wtENU7TOrnEbUes9aQuNe5PeBM4cTK5dn1W7v6XCr1LatJxAOn6Jn8yDGRsa2uKeEbAS5HeYx7uBAbTBd98OXQ==}
    engines: {node: '>=12'}
    cpu: [x64]
    os: [netbsd]
    requiresBuild: true
    dev: true
    optional: true

  /@esbuild/openbsd-x64/0.16.8:
    resolution: {integrity: sha512-Y0DRVd/PIiutCpAYvRZHkpDNN3tdSQ1oyKy6xoh5TFTElAmzdlO7CO8ABs8689gq47lJ466cQEq9adJrKXrgXg==}
    engines: {node: '>=12'}
    cpu: [x64]
    os: [openbsd]
    requiresBuild: true
    dev: true
    optional: true

  /@esbuild/sunos-x64/0.16.8:
    resolution: {integrity: sha512-eKg0I3C5z4NTF396Yo9QByXA8DdRS7QiYPFf6JHcED0BanyLW/jX8csUy96wyGivTNrmU0mCOShbeLgzb0eX7w==}
    engines: {node: '>=12'}
    cpu: [x64]
    os: [sunos]
    requiresBuild: true
    dev: true
    optional: true

  /@esbuild/win32-arm64/0.16.8:
    resolution: {integrity: sha512-M2BZhsa7z8kMGre96HTMXpm266cfJkbdtcZgVfAL8hY4ptkh5MwNDasl85CDo++ffW2issVT+W/xIGJOr0v2pg==}
    engines: {node: '>=12'}
    cpu: [arm64]
    os: [win32]
    requiresBuild: true
    dev: true
    optional: true

  /@esbuild/win32-ia32/0.16.8:
    resolution: {integrity: sha512-mzzHVpnuHQT+IrptiW+uUswEMpVIueYuAkjwt1m4tQuVq9dGWqCA1y9EE+W3S19nMg6JvHMbaRjv3mlCcmi0rA==}
    engines: {node: '>=12'}
    cpu: [ia32]
    os: [win32]
    requiresBuild: true
    dev: true
    optional: true

  /@esbuild/win32-x64/0.16.8:
    resolution: {integrity: sha512-Zgzyn7njXpSSe1YGQk03eW4uei4QoZKloe/TBQZXgQHo6ul/ux0BtYdLz3MZ8WDlvqTG3QnLV4+gtV5ordM0+g==}
    engines: {node: '>=12'}
    cpu: [x64]
    os: [win32]
    requiresBuild: true
    dev: true
    optional: true

  /@nodelib/fs.scandir/2.1.5:
    resolution: {integrity: sha512-vq24Bq3ym5HEQm2NKCr3yXDwjc7vTsEThRDnkp2DK9p1uqLR+DHurm/NOTo0KG7HYHU7eppKZj3MyqYuMBf62g==}
    engines: {node: '>= 8'}
    dependencies:
      '@nodelib/fs.stat': 2.0.5
      run-parallel: 1.2.0
    dev: true

  /@nodelib/fs.stat/2.0.5:
    resolution: {integrity: sha512-RkhPPp2zrqDAQA/2jNhnztcPAlv64XdhIp7a7454A5ovI7Bukxgt7MX7udwAu3zg1DcpPU0rz3VV1SeaqvY4+A==}
    engines: {node: '>= 8'}
    dev: true

  /@nodelib/fs.walk/1.2.8:
    resolution: {integrity: sha512-oGB+UxlgWcgQkgwo8GcEGwemoTFt3FIO9ababBmaGwXIoBKZ+GTy0pP185beGg7Llih/NSHSV2XAs1lnznocSg==}
    engines: {node: '>= 8'}
    dependencies:
      '@nodelib/fs.scandir': 2.1.5
      fastq: 1.13.0
    dev: true

  /@tailwindcss/forms/0.5.3_tailwindcss@3.2.4:
    resolution: {integrity: sha512-y5mb86JUoiUgBjY/o6FJSFZSEttfb3Q5gllE4xoKjAAD+vBrnIhE4dViwUuow3va8mpH4s9jyUbUbrRGoRdc2Q==}
    peerDependencies:
      tailwindcss: '>=3.0.0 || >= 3.0.0-alpha.1'
    dependencies:
      mini-svg-data-uri: 1.4.4
      tailwindcss: 3.2.4_postcss@8.4.20
    dev: true

  /@types/alpinejs/3.7.1:
    resolution: {integrity: sha512-gzwyuHXH/meGQQhurMGWlZgMQxe18lMOoSPd7X6CvGoDelHte9EsU7SpTIoRu8yYir0tbHDeaSMdX9LeQz/QtA==}
    dependencies:
      '@vue/reactivity': 3.2.38
    dev: true

  /@vue/reactivity/3.1.5:
    resolution: {integrity: sha512-1tdfLmNjWG6t/CsPldh+foumYFo3cpyCHgBYQ34ylaMsJ+SNHQ1kApMIa8jN+i593zQuaw3AdWH0nJTARzCFhg==}
    dependencies:
      '@vue/shared': 3.1.5
    dev: false

  /@vue/reactivity/3.2.38:
    resolution: {integrity: sha512-6L4myYcH9HG2M25co7/BSo0skKFHpAN8PhkNPM4xRVkyGl1K5M3Jx4rp5bsYhvYze2K4+l+pioN4e6ZwFLUVtw==}
    dependencies:
      '@vue/shared': 3.2.38
    dev: true

  /@vue/shared/3.1.5:
    resolution: {integrity: sha512-oJ4F3TnvpXaQwZJNF3ZK+kLPHKarDmJjJ6jyzVNDKH9md1dptjC7lWR//jrGuLdek/U6iltWxqAnYOu8gCiOvA==}
    dev: false

  /@vue/shared/3.2.38:
    resolution: {integrity: sha512-dTyhTIRmGXBjxJE+skC8tTWCGLCVc4wQgRRLt8+O9p5ewBAjoBwtCAkLPrtToSr1xltoe3st21Pv953aOZ7alg==}
    dev: true

  /acorn-node/1.8.2:
    resolution: {integrity: sha512-8mt+fslDufLYntIoPAaIMUe/lrbrehIiwmR3t2k9LljIzoigEPF27eLk2hy8zSGzmR/ogr7zbRKINMo1u0yh5A==}
    dependencies:
      acorn: 7.4.1
      acorn-walk: 7.2.0
      xtend: 4.0.2
    dev: true

  /acorn-walk/7.2.0:
    resolution: {integrity: sha512-OPdCF6GsMIP+Az+aWfAAOEt2/+iVDKE7oy6lJ098aoe59oAmK76qV6Gw60SbZ8jHuG2wH058GF4pLFbYamYrVA==}
    engines: {node: '>=0.4.0'}
    dev: true

  /acorn/7.4.1:
    resolution: {integrity: sha512-nQyp0o1/mNdbTO1PO6kHkwSrmgZ0MT/jCCpNiwbUjGoRN4dlBhqJtoQuCnEOKzgTVwg0ZWiCoQy6SxMebQVh8A==}
    engines: {node: '>=0.4.0'}
    hasBin: true
    dev: true

  /alpinejs/3.10.5:
    resolution: {integrity: sha512-qlvnal44Gof2XVfm/lef8fYpXKxR9fjdSki7aFB/9THyFvbsRKZ6lM5SjxXpIs7B0faJt7bgpK2K25gzrraXJw==}
    dependencies:
      '@vue/reactivity': 3.1.5
    dev: false

  /anymatch/3.1.2:
    resolution: {integrity: sha512-P43ePfOAIupkguHUycrc4qJ9kz8ZiuOUijaETwX7THt0Y/GNK7v0aa8rY816xWjZ7rJdA5XdMcpVFTKMq+RvWg==}
    engines: {node: '>= 8'}
    dependencies:
      normalize-path: 3.0.0
      picomatch: 2.3.1
    dev: true

  /arg/5.0.2:
    resolution: {integrity: sha512-PYjyFOLKQ9y57JvQ6QLo8dAgNqswh8M1RMJYdQduT6xbWSgK36P/Z/v+p888pM69jMMfS8Xd8F6I1kQ/I9HUGg==}
    dev: true

  /autoprefixer/10.4.13_postcss@8.4.20:
    resolution: {integrity: sha512-49vKpMqcZYsJjwotvt4+h/BCjJVnhGwcLpDt5xkcaOG3eLrG/HUYLagrihYsQ+qrIBgIzX1Rw7a6L8I/ZA1Atg==}
    engines: {node: ^10 || ^12 || >=14}
    hasBin: true
    peerDependencies:
      postcss: ^8.1.0
    dependencies:
      browserslist: 4.21.4
      caniuse-lite: 1.0.30001439
      fraction.js: 4.2.0
      normalize-range: 0.1.2
      picocolors: 1.0.0
      postcss: 8.4.20
      postcss-value-parser: 4.2.0
    dev: true

  /binary-extensions/2.2.0:
    resolution: {integrity: sha512-jDctJ/IVQbZoJykoeHbhXpOlNBqGNcwXJKJog42E5HDPUwQTSdjCHdihjj0DlnheQ7blbT6dHOafNAiS8ooQKA==}
    engines: {node: '>=8'}
    dev: true

  /braces/3.0.2:
    resolution: {integrity: sha512-b8um+L1RzM3WDSzvhm6gIz1yfTbBt6YTlcEKAvsmqCZZFw46z626lVj9j1yEPW33H5H+lBQpZMP1k8l+78Ha0A==}
    engines: {node: '>=8'}
    dependencies:
      fill-range: 7.0.1
    dev: true

  /browserslist/4.21.4:
    resolution: {integrity: sha512-CBHJJdDmgjl3daYjN5Cp5kbTf1mUhZoS+beLklHIvkOWscs83YAhLlF3Wsh/lciQYAcbBJgTOD44VtG31ZM4Hw==}
    engines: {node: ^6 || ^7 || ^8 || ^9 || ^10 || ^11 || ^12 || >=13.7}
    hasBin: true
    dependencies:
      caniuse-lite: 1.0.30001439
      electron-to-chromium: 1.4.268
      node-releases: 2.0.6
      update-browserslist-db: 1.0.9_browserslist@4.21.4
    dev: true

  /camelcase-css/2.0.1:
    resolution: {integrity: sha512-QOSvevhslijgYwRx6Rv7zKdMF8lbRmx+uQGx2+vDc+KI/eBnsy9kit5aj23AgGu3pa4t9AgwbnXWqS+iOY+2aA==}
    engines: {node: '>= 6'}
    dev: true

  /caniuse-lite/1.0.30001439:
    resolution: {integrity: sha512-1MgUzEkoMO6gKfXflStpYgZDlFM7M/ck/bgfVCACO5vnAf0fXoNVHdWtqGU+MYca+4bL9Z5bpOVmR33cWW9G2A==}
    dev: true

  /chokidar/3.5.3:
    resolution: {integrity: sha512-Dr3sfKRP6oTcjf2JmUmFJfeVMvXBdegxB0iVQ5eb2V10uFJUCAS8OByZdVAyVb8xXNz3GjjTgj9kLWsZTqE6kw==}
    engines: {node: '>= 8.10.0'}
    dependencies:
      anymatch: 3.1.2
      braces: 3.0.2
      glob-parent: 5.1.2
      is-binary-path: 2.1.0
      is-glob: 4.0.3
      normalize-path: 3.0.0
      readdirp: 3.6.0
    optionalDependencies:
      fsevents: 2.3.2
    dev: true

  /color-name/1.1.4:
    resolution: {integrity: sha512-dOy+3AuW3a2wNbZHIuMZpTcgjGuLU/uBL/ubcZF9OXbDo8ff4O8yVp5Bf0efS8uEoYo5q4Fx7dY9OgQGXgAsQA==}
    dev: true

  /cssesc/3.0.0:
    resolution: {integrity: sha512-/Tb/JcjK111nNScGob5MNtsntNM1aCNUDipB/TkwZFhyDrrE47SOx/18wF2bbjgc3ZzCSKW1T5nt5EbFoAz/Vg==}
    engines: {node: '>=4'}
    hasBin: true
    dev: true

  /defined/1.0.0:
    resolution: {integrity: sha512-Y2caI5+ZwS5c3RiNDJ6u53VhQHv+hHKwhkI1iHvceKUHw9Df6EK2zRLfjejRgMuCuxK7PfSWIMwWecceVvThjQ==}
    dev: true

  /detective/5.2.1:
    resolution: {integrity: sha512-v9XE1zRnz1wRtgurGu0Bs8uHKFSTdteYZNbIPFVhUZ39L/S79ppMpdmVOZAnoz1jfEFodc48n6MX483Xo3t1yw==}
    engines: {node: '>=0.8.0'}
    hasBin: true
    dependencies:
      acorn-node: 1.8.2
      defined: 1.0.0
      minimist: 1.2.6
    dev: true

  /didyoumean/1.2.2:
    resolution: {integrity: sha512-gxtyfqMg7GKyhQmb056K7M3xszy/myH8w+B4RT+QXBQsvAOdc3XymqDDPHx1BgPgsdAA5SIifona89YtRATDzw==}
    dev: true

  /dlv/1.1.3:
    resolution: {integrity: sha512-+HlytyjlPKnIG8XuRG8WvmBP8xs8P71y+SKKS6ZXWoEgLuePxtDoUEiH7WkdePWrQ5JBpE6aoVqfZfJUQkjXwA==}
    dev: true

  /electron-to-chromium/1.4.268:
    resolution: {integrity: sha512-PO90Bv++vEzdln+eA9qLg1IRnh0rKETus6QkTzcFm5P3Wg3EQBZud5dcnzkpYXuIKWBjKe5CO8zjz02cicvn1g==}
    dev: true

  /esbuild/0.16.8:
    resolution: {integrity: sha512-RKxRaLYAI5b/IVJ5k8jK3bO2G7cch2ZIZFbfKHbBzpwsWt9+VChcBEndNISBBZ5c3WwekFfkfl11/2QfIGHgDw==}
    engines: {node: '>=12'}
    hasBin: true
    requiresBuild: true
    optionalDependencies:
      '@esbuild/android-arm': 0.16.8
      '@esbuild/android-arm64': 0.16.8
      '@esbuild/android-x64': 0.16.8
      '@esbuild/darwin-arm64': 0.16.8
      '@esbuild/darwin-x64': 0.16.8
      '@esbuild/freebsd-arm64': 0.16.8
      '@esbuild/freebsd-x64': 0.16.8
      '@esbuild/linux-arm': 0.16.8
      '@esbuild/linux-arm64': 0.16.8
      '@esbuild/linux-ia32': 0.16.8
      '@esbuild/linux-loong64': 0.16.8
      '@esbuild/linux-mips64el': 0.16.8
      '@esbuild/linux-ppc64': 0.16.8
      '@esbuild/linux-riscv64': 0.16.8
      '@esbuild/linux-s390x': 0.16.8
      '@esbuild/linux-x64': 0.16.8
      '@esbuild/netbsd-x64': 0.16.8
      '@esbuild/openbsd-x64': 0.16.8
      '@esbuild/sunos-x64': 0.16.8
      '@esbuild/win32-arm64': 0.16.8
      '@esbuild/win32-ia32': 0.16.8
      '@esbuild/win32-x64': 0.16.8
    dev: true

  /escalade/3.1.1:
    resolution: {integrity: sha512-k0er2gUkLf8O0zKJiAhmkTnJlTvINGv7ygDNPbeIsX/TJjGJZHuh9B2UxbsaEkmlEo9MfhrSzmhIlhRlI2GXnw==}
    engines: {node: '>=6'}
    dev: true

  /fast-glob/3.2.12:
    resolution: {integrity: sha512-DVj4CQIYYow0BlaelwK1pHl5n5cRSJfM60UA0zK891sVInoPri2Ekj7+e1CT3/3qxXenpI+nBBmQAcJPJgaj4w==}
    engines: {node: '>=8.6.0'}
    dependencies:
      '@nodelib/fs.stat': 2.0.5
      '@nodelib/fs.walk': 1.2.8
      glob-parent: 5.1.2
      merge2: 1.4.1
      micromatch: 4.0.5
    dev: true

  /fastq/1.13.0:
    resolution: {integrity: sha512-YpkpUnK8od0o1hmeSc7UUs/eB/vIPWJYjKck2QKIzAf71Vm1AAQ3EbuZB3g2JIy+pg+ERD0vqI79KyZiB2e2Nw==}
    dependencies:
      reusify: 1.0.4
    dev: true

  /fill-range/7.0.1:
    resolution: {integrity: sha512-qOo9F+dMUmC2Lcb4BbVvnKJxTPjCm+RRpe4gDuGrzkL7mEVl/djYSu2OdQ2Pa302N4oqkSg9ir6jaLWJ2USVpQ==}
    engines: {node: '>=8'}
    dependencies:
      to-regex-range: 5.0.1
    dev: true

  /fraction.js/4.2.0:
    resolution: {integrity: sha512-MhLuK+2gUcnZe8ZHlaaINnQLl0xRIGRfcGk2yl8xoQAfHrSsL3rYu6FCmBdkdbhc9EPlwyGHewaRsvwRMJtAlA==}
    dev: true

  /fsevents/2.3.2:
    resolution: {integrity: sha512-xiqMQR4xAeHTuB9uWm+fFRcIOgKBMiOBP+eXiyT7jsgVCq1bkVygt00oASowB7EdtpOHaaPgKt812P9ab+DDKA==}
    engines: {node: ^8.16.0 || ^10.6.0 || >=11.0.0}
    os: [darwin]
    requiresBuild: true
    dev: true
    optional: true

  /function-bind/1.1.1:
    resolution: {integrity: sha512-yIovAzMX49sF8Yl58fSCWJ5svSLuaibPxXQJFLmBObTuCr0Mf1KiPopGM9NiFjiYBCbfaa2Fh6breQ6ANVTI0A==}
    dev: true

  /glob-parent/5.1.2:
    resolution: {integrity: sha512-AOIgSQCepiJYwP3ARnGx+5VnTu2HBYdzbGP45eLw1vr3zB3vZLeyed1sC9hnbcOc9/SrMyM5RPQrkGz4aS9Zow==}
    engines: {node: '>= 6'}
    dependencies:
      is-glob: 4.0.3
    dev: true

  /glob-parent/6.0.2:
    resolution: {integrity: sha512-XxwI8EOhVQgWp6iDL+3b0r86f4d6AX6zSU55HfB4ydCEuXLXc5FcYeOu+nnGftS4TEju/11rt4KJPTMgbfmv4A==}
    engines: {node: '>=10.13.0'}
    dependencies:
      is-glob: 4.0.3
    dev: true

  /has/1.0.3:
    resolution: {integrity: sha512-f2dvO0VU6Oej7RkWJGrehjbzMAjFp5/VKPp5tTpWIV4JHHZK1/BxbFRtf/siA2SWTe09caDmVtYYzWEIbBS4zw==}
    engines: {node: '>= 0.4.0'}
    dependencies:
      function-bind: 1.1.1
    dev: true

  /is-binary-path/2.1.0:
    resolution: {integrity: sha512-ZMERYes6pDydyuGidse7OsHxtbI7WVeUEozgR/g7rd0xUimYNlvZRE/K2MgZTjWy725IfelLeVcEM97mmtRGXw==}
    engines: {node: '>=8'}
    dependencies:
      binary-extensions: 2.2.0
    dev: true

  /is-core-module/2.10.0:
    resolution: {integrity: sha512-Erxj2n/LDAZ7H8WNJXd9tw38GYM3dv8rk8Zcs+jJuxYTW7sozH+SS8NtrSjVL1/vpLvWi1hxy96IzjJ3EHTJJg==}
    dependencies:
      has: 1.0.3
    dev: true

  /is-extglob/2.1.1:
    resolution: {integrity: sha512-SbKbANkN603Vi4jEZv49LeVJMn4yGwsbzZworEoyEiutsN3nJYdbO36zfhGJ6QEDpOZIFkDtnq5JRxmvl3jsoQ==}
    engines: {node: '>=0.10.0'}
    dev: true

  /is-glob/4.0.3:
    resolution: {integrity: sha512-xelSayHH36ZgE7ZWhli7pW34hNbNl8Ojv5KVmkJD4hBdD3th8Tfk9vYasLM+mXWOZhFkgZfxhLSnrwRr4elSSg==}
    engines: {node: '>=0.10.0'}
    dependencies:
      is-extglob: 2.1.1
    dev: true

  /is-number/7.0.0:
    resolution: {integrity: sha512-41Cifkg6e8TylSpdtTpeLVMqvSBEVzTttHvERD741+pnZ8ANv0004MRL43QKPDlK9cGvNp6NZWZUBlbGXYxxng==}
    engines: {node: '>=0.12.0'}
    dev: true

  /lilconfig/2.0.6:
    resolution: {integrity: sha512-9JROoBW7pobfsx+Sq2JsASvCo6Pfo6WWoUW79HuB1BCoBXD4PLWJPqDF6fNj67pqBYTbAHkE57M1kS/+L1neOg==}
    engines: {node: '>=10'}
    dev: true

  /merge2/1.4.1:
    resolution: {integrity: sha512-8q7VEgMJW4J8tcfVPy8g09NcQwZdbwFEqhe/WZkoIzjn/3TGDwtOCYtXGxA3O8tPzpczCCDgv+P2P5y00ZJOOg==}
    engines: {node: '>= 8'}
    dev: true

  /micromatch/4.0.5:
    resolution: {integrity: sha512-DMy+ERcEW2q8Z2Po+WNXuw3c5YaUSFjAO5GsJqfEl7UjvtIuFKO6ZrKvcItdy98dwFI2N1tg3zNIdKaQT+aNdA==}
    engines: {node: '>=8.6'}
    dependencies:
      braces: 3.0.2
      picomatch: 2.3.1
    dev: true

  /mini-svg-data-uri/1.4.4:
    resolution: {integrity: sha512-r9deDe9p5FJUPZAk3A59wGH7Ii9YrjjWw0jmw/liSbHl2CHiyXj6FcDXDu2K3TjVAXqiJdaw3xxwlZZr9E6nHg==}
    hasBin: true
    dev: true

  /minimist/1.2.6:
    resolution: {integrity: sha512-Jsjnk4bw3YJqYzbdyBiNsPWHPfO++UGG749Cxs6peCu5Xg4nrena6OVxOYxrQTqww0Jmwt+Ref8rggumkTLz9Q==}
    dev: true

  /nanoid/3.3.4:
    resolution: {integrity: sha512-MqBkQh/OHTS2egovRtLk45wEyNXwF+cokD+1YPf9u5VfJiRdAiRwB2froX5Co9Rh20xs4siNPm8naNotSD6RBw==}
    engines: {node: ^10 || ^12 || ^13.7 || ^14 || >=15.0.1}
    hasBin: true
    dev: true

  /node-releases/2.0.6:
    resolution: {integrity: sha512-PiVXnNuFm5+iYkLBNeq5211hvO38y63T0i2KKh2KnUs3RpzJ+JtODFjkD8yjLwnDkTYF1eKXheUwdssR+NRZdg==}
    dev: true

  /normalize-path/3.0.0:
    resolution: {integrity: sha512-6eZs5Ls3WtCisHWp9S2GUy8dqkpGi4BVSz3GaqiE6ezub0512ESztXUwUB6C6IKbQkY2Pnb/mD4WYojCRwcwLA==}
    engines: {node: '>=0.10.0'}
    dev: true

  /normalize-range/0.1.2:
    resolution: {integrity: sha512-bdok/XvKII3nUpklnV6P2hxtMNrCboOjAcyBuQnWEhO665FwrSNRxU+AqpsyvO6LgGYPspN+lu5CLtw4jPRKNA==}
    engines: {node: '>=0.10.0'}
    dev: true

  /object-hash/3.0.0:
    resolution: {integrity: sha512-RSn9F68PjH9HqtltsSnqYC1XXoWe9Bju5+213R98cNGttag9q9yAOTzdbsqvIa7aNm5WffBZFpWYr2aWrklWAw==}
    engines: {node: '>= 6'}
    dev: true

  /path-parse/1.0.7:
    resolution: {integrity: sha512-LDJzPVEEEPR+y48z93A0Ed0yXb8pAByGWo/k5YYdYgpY2/2EsOsksJrq7lOHxryrVOn1ejG6oAp8ahvOIQD8sw==}
    dev: true

  /picocolors/1.0.0:
    resolution: {integrity: sha512-1fygroTLlHu66zi26VoTDv8yRgm0Fccecssto+MhsZ0D/DGW2sm8E8AjW7NU5VVTRt5GxbeZ5qBuJr+HyLYkjQ==}
    dev: true

  /picomatch/2.3.1:
    resolution: {integrity: sha512-JU3teHTNjmE2VCGFzuY8EXzCDVwEqB2a8fsIvwaStHhAWJEeVd1o1QD80CU6+ZdEXXSLbSsuLwJjkCBWqRQUVA==}
    engines: {node: '>=8.6'}
    dev: true

  /pify/2.3.0:
    resolution: {integrity: sha512-udgsAY+fTnvv7kI7aaxbqwWNb0AHiB0qBO89PZKPkoTmGOgdbrHDKD+0B2X4uTfJ/FT1R09r9gTsjUjNJotuog==}
    engines: {node: '>=0.10.0'}
    dev: true

  /postcss-import/14.1.0_postcss@8.4.20:
    resolution: {integrity: sha512-flwI+Vgm4SElObFVPpTIT7SU7R3qk2L7PyduMcokiaVKuWv9d/U+Gm/QAd8NDLuykTWTkcrjOeD2Pp1rMeBTGw==}
    engines: {node: '>=10.0.0'}
    peerDependencies:
      postcss: ^8.0.0
    dependencies:
      postcss: 8.4.20
      postcss-value-parser: 4.2.0
      read-cache: 1.0.0
      resolve: 1.22.1
    dev: true

  /postcss-js/4.0.0_postcss@8.4.20:
    resolution: {integrity: sha512-77QESFBwgX4irogGVPgQ5s07vLvFqWr228qZY+w6lW599cRlK/HmnlivnnVUxkjHnCu4J16PDMHcH+e+2HbvTQ==}
    engines: {node: ^12 || ^14 || >= 16}
    peerDependencies:
      postcss: ^8.3.3
    dependencies:
      camelcase-css: 2.0.1
      postcss: 8.4.20
    dev: true

  /postcss-load-config/3.1.4_postcss@8.4.20:
    resolution: {integrity: sha512-6DiM4E7v4coTE4uzA8U//WhtPwyhiim3eyjEMFCnUpzbrkK9wJHgKDT2mR+HbtSrd/NubVaYTOpSpjUl8NQeRg==}
    engines: {node: '>= 10'}
    peerDependencies:
      postcss: '>=8.0.9'
      ts-node: '>=9.0.0'
    peerDependenciesMeta:
      postcss:
        optional: true
      ts-node:
        optional: true
    dependencies:
      lilconfig: 2.0.6
      postcss: 8.4.20
      yaml: 1.10.2
    dev: true

  /postcss-nested/6.0.0_postcss@8.4.20:
    resolution: {integrity: sha512-0DkamqrPcmkBDsLn+vQDIrtkSbNkv5AD/M322ySo9kqFkCIYklym2xEmWkwo+Y3/qZo34tzEPNUw4y7yMCdv5w==}
    engines: {node: '>=12.0'}
    peerDependencies:
      postcss: ^8.2.14
    dependencies:
      postcss: 8.4.20
      postcss-selector-parser: 6.0.10
    dev: true

  /postcss-selector-parser/6.0.10:
    resolution: {integrity: sha512-IQ7TZdoaqbT+LCpShg46jnZVlhWD2w6iQYAcYXfHARZ7X1t/UGhhceQDs5X0cGqKvYlHNOuv7Oa1xmb0oQuA3w==}
    engines: {node: '>=4'}
    dependencies:
      cssesc: 3.0.0
      util-deprecate: 1.0.2
    dev: true

  /postcss-value-parser/4.2.0:
    resolution: {integrity: sha512-1NNCs6uurfkVbeXG4S8JFT9t19m45ICnif8zWLd5oPSZ50QnwMfK+H3jv408d4jw/7Bttv5axS5IiHoLaVNHeQ==}
    dev: true

  /postcss/8.4.20:
    resolution: {integrity: sha512-6Q04AXR1212bXr5fh03u8aAwbLxAQNGQ/Q1LNa0VfOI06ZAlhPHtQvE4OIdpj4kLThXilalPnmDSOD65DcHt+g==}
    engines: {node: ^10 || ^12 || >=14}
    dependencies:
      nanoid: 3.3.4
      picocolors: 1.0.0
      source-map-js: 1.0.2
    dev: true

  /queue-microtask/1.2.3:
    resolution: {integrity: sha512-NuaNSa6flKT5JaSYQzJok04JzTL1CA6aGhv5rfLW3PgqA+M2ChpZQnAC8h8i4ZFkBS8X5RqkDBHA7r4hej3K9A==}
    dev: true

  /quick-lru/5.1.1:
    resolution: {integrity: sha512-WuyALRjWPDGtt/wzJiadO5AXY+8hZ80hVpe6MyivgraREW751X3SbhRvG3eLKOYN+8VEvqLcf3wdnt44Z4S4SA==}
    engines: {node: '>=10'}
    dev: true

  /read-cache/1.0.0:
    resolution: {integrity: sha512-Owdv/Ft7IjOgm/i0xvNDZ1LrRANRfew4b2prF3OWMQLxLfu3bS8FVhCsrSCMK4lR56Y9ya+AThoTpDCTxCmpRA==}
    dependencies:
      pify: 2.3.0
    dev: true

  /readdirp/3.6.0:
    resolution: {integrity: sha512-hOS089on8RduqdbhvQ5Z37A0ESjsqz6qnRcffsMU3495FuTdqSm+7bhJ29JvIOsBDEEnan5DPu9t3To9VRlMzA==}
    engines: {node: '>=8.10.0'}
    dependencies:
      picomatch: 2.3.1
    dev: true

  /resolve/1.22.1:
    resolution: {integrity: sha512-nBpuuYuY5jFsli/JIs1oldw6fOQCBioohqWZg/2hiaOybXOft4lonv85uDOKXdf8rhyK159cxU5cDcK/NKk8zw==}
    hasBin: true
    dependencies:
      is-core-module: 2.10.0
      path-parse: 1.0.7
      supports-preserve-symlinks-flag: 1.0.0
    dev: true

  /reusify/1.0.4:
    resolution: {integrity: sha512-U9nH88a3fc/ekCF1l0/UP1IosiuIjyTh7hBvXVMHYgVcfGvt897Xguj2UOLDeI5BG2m7/uwyaLVT6fbtCwTyzw==}
    engines: {iojs: '>=1.0.0', node: '>=0.10.0'}
    dev: true

  /rollup/3.7.5:
    resolution: {integrity: sha512-z0ZbqHBtS/et2EEUKMrAl2CoSdwN7ZPzL17UMiKN9RjjqHShTlv7F9J6ZJZJNREYjBh3TvBrdfjkFDIXFNeuiQ==}
    engines: {node: '>=14.18.0', npm: '>=8.0.0'}
    hasBin: true
    optionalDependencies:
      fsevents: 2.3.2
    dev: true

  /run-parallel/1.2.0:
    resolution: {integrity: sha512-5l4VyZR86LZ/lDxZTR6jqL8AFE2S0IFLMP26AbjsLVADxHdhB/c0GUsH+y39UfCi3dzz8OlQuPmnaJOMoDHQBA==}
    dependencies:
      queue-microtask: 1.2.3
    dev: true

  /source-map-js/1.0.2:
    resolution: {integrity: sha512-R0XvVJ9WusLiqTCEiGCmICCMplcCkIwwR11mOSD9CR5u+IXYdiseeEuXCVAjS54zqwkLcPNnmU4OeJ6tUrWhDw==}
    engines: {node: '>=0.10.0'}
    dev: true

  /supports-preserve-symlinks-flag/1.0.0:
    resolution: {integrity: sha512-ot0WnXS9fgdkgIcePe6RHNk1WA8+muPa6cSjeR3V8K27q9BB1rTE3R1p7Hv0z1ZyAc8s6Vvv8DIyWf681MAt0w==}
    engines: {node: '>= 0.4'}
    dev: true

  /tailwindcss/3.2.4_postcss@8.4.20:
    resolution: {integrity: sha512-AhwtHCKMtR71JgeYDaswmZXhPcW9iuI9Sp2LvZPo9upDZ7231ZJ7eA9RaURbhpXGVlrjX4cFNlB4ieTetEb7hQ==}
    engines: {node: '>=12.13.0'}
    hasBin: true
    peerDependencies:
      postcss: ^8.0.9
    dependencies:
      arg: 5.0.2
      chokidar: 3.5.3
      color-name: 1.1.4
      detective: 5.2.1
      didyoumean: 1.2.2
      dlv: 1.1.3
      fast-glob: 3.2.12
      glob-parent: 6.0.2
      is-glob: 4.0.3
      lilconfig: 2.0.6
      micromatch: 4.0.5
      normalize-path: 3.0.0
      object-hash: 3.0.0
      picocolors: 1.0.0
      postcss: 8.4.20
      postcss-import: 14.1.0_postcss@8.4.20
      postcss-js: 4.0.0_postcss@8.4.20
      postcss-load-config: 3.1.4_postcss@8.4.20
      postcss-nested: 6.0.0_postcss@8.4.20
      postcss-selector-parser: 6.0.10
      postcss-value-parser: 4.2.0
      quick-lru: 5.1.1
      resolve: 1.22.1
    transitivePeerDependencies:
      - ts-node
    dev: true

  /to-regex-range/5.0.1:
    resolution: {integrity: sha512-65P7iz6X5yEr1cwcgvQxbbIw7Uk3gOy5dIdtZ4rDveLqhrdJP+Li/Hx6tyK0NEb+2GCyneCMJiGqrADCSNk8sQ==}
    engines: {node: '>=8.0'}
    dependencies:
      is-number: 7.0.0
    dev: true

  /typescript/4.9.4:
    resolution: {integrity: sha512-Uz+dTXYzxXXbsFpM86Wh3dKCxrQqUcVMxwU54orwlJjOpO3ao8L7j5lH+dWfTwgCwIuM9GQ2kvVotzYJMXTBZg==}
    engines: {node: '>=4.2.0'}
    hasBin: true
    dev: true

  /update-browserslist-db/1.0.9_browserslist@4.21.4:
    resolution: {integrity: sha512-/xsqn21EGVdXI3EXSum1Yckj3ZVZugqyOZQ/CxYPBD/R+ko9NSUScf8tFF4dOKY+2pvSSJA/S+5B8s4Zr4kyvg==}
    hasBin: true
    peerDependencies:
      browserslist: '>= 4.21.0'
    dependencies:
      browserslist: 4.21.4
      escalade: 3.1.1
      picocolors: 1.0.0
    dev: true

  /util-deprecate/1.0.2:
    resolution: {integrity: sha512-EPD5q1uXyFxJpCrLnCc1nHnq3gOa6DZBocAIiI2TaSCA7VCJ1UJDMagCzIkXNsUYfD1daK//LTEQ8xiIbrHtcw==}
    dev: true

  /vite/4.0.1:
    resolution: {integrity: sha512-kZQPzbDau35iWOhy3CpkrRC7It+HIHtulAzBhMqzGHKRf/4+vmh8rPDDdv98SWQrFWo6//3ozwsRmwQIPZsK9g==}
    engines: {node: ^14.18.0 || >=16.0.0}
    hasBin: true
    peerDependencies:
      '@types/node': '>= 14'
      less: '*'
      sass: '*'
      stylus: '*'
      sugarss: '*'
      terser: ^5.4.0
    peerDependenciesMeta:
      '@types/node':
        optional: true
      less:
        optional: true
      sass:
        optional: true
      stylus:
        optional: true
      sugarss:
        optional: true
      terser:
        optional: true
    dependencies:
      esbuild: 0.16.8
      postcss: 8.4.20
      resolve: 1.22.1
      rollup: 3.7.5
    optionalDependencies:
      fsevents: 2.3.2
    dev: true

  /xtend/4.0.2:
    resolution: {integrity: sha512-LKYU1iAXJXUgAXn9URjiu+MWhyUXHsvfp7mcuYm9dSUKK0/CjtrUwFAxD82/mCWbtLsGjFIad0wIsod4zrTAEQ==}
    engines: {node: '>=0.4'}
    dev: true

  /yaml/1.10.2:
    resolution: {integrity: sha512-r3vXyErRCYJ7wg28yvBY5VSoAF8ZvlcW9/BwUzEtUsjvX/DKs24dIkuwjtuprwJJHsbyUbLApepYTR1BN4uHrg==}
    engines: {node: '>= 6'}
    dev: true
